
Microsoft Visual Studio Solution File, Format Version 12.00
# Visual Studio Version 16
VisualStudioVersion = 16.0.31005.135
MinimumVisualStudioVersion = 10.0.40219.1
Project("{FAE04EC0-301F-11D3-BF4B-00C04F79EFBC}") = "DZ Lesson 1", "DZ Lesson 1\DZ Lesson 1.csproj", "{B44CC0FA-E77B-4E99-AAD8-E03F2C51E15B}"
EndProject
Project("{FAE04EC0-301F-11D3-BF4B-00C04F79EFBC}") = "DZ Lesson 2", "DZ Lesson 2\DZ Lesson 2.csproj", "{15D37FE6-732B-481A-A8F1-F32F5FB38169}"
EndProject
Project("{FAE04EC0-301F-11D3-BF4B-00C04F79EFBC}") = "DZ Lesson 3", "DZ Lesson 3\DZ Lesson 3.csproj", "{A9E5454E-5254-4ADE-8F54-559BA1DB4D2C}"
EndProject
Project("{FAE04EC0-301F-11D3-BF4B-00C04F79EFBC}") = "DZ Lesson 4", "DZ Lesson 4\DZ Lesson 4.csproj", "{B0BEC8C1-120B-41B3-B15D-992D8AC08482}"
EndProject
Global
	GlobalSection(SolutionConfigurationPlatforms) = preSolution
		Debug|Any CPU = Debug|Any CPU
		Release|Any CPU = Release|Any CPU
	EndGlobalSection
	GlobalSection(ProjectConfigurationPlatforms) = postSolution
		{B44CC0FA-E77B-4E99-AAD8-E03F2C51E15B}.Debug|Any CPU.ActiveCfg = Debug|Any CPU
		{B44CC0FA-E77B-4E99-AAD8-E03F2C51E15B}.Debug|Any CPU.Build.0 = Debug|Any CPU
		{B44CC0FA-E77B-4E99-AAD8-E03F2C51E15B}.Release|Any CPU.ActiveCfg = Release|Any CPU
		{B44CC0FA-E77B-4E99-AAD8-E03F2C51E15B}.Release|Any CPU.Build.0 = Release|Any CPU
		{15D37FE6-732B-481A-A8F1-F32F5FB38169}.Debug|Any CPU.ActiveCfg = Debug|Any CPU
		{15D37FE6-732B-481A-A8F1-F32F5FB38169}.Debug|Any CPU.Build.0 = Debug|Any CPU
		{15D37FE6-732B-481A-A8F1-F32F5FB38169}.Release|Any CPU.ActiveCfg = Release|Any CPU
		{15D37FE6-732B-481A-A8F1-F32F5FB38169}.Release|Any CPU.Build.0 = Release|Any CPU
		{A9E5454E-5254-4ADE-8F54-559BA1DB4D2C}.Debug|Any CPU.ActiveCfg = Debug|Any CPU
		{A9E5454E-5254-4ADE-8F54-559BA1DB4D2C}.Debug|Any CPU.Build.0 = Debug|Any CPU
		{A9E5454E-5254-4ADE-8F54-559BA1DB4D2C}.Release|Any CPU.ActiveCfg = Release|Any CPU
		{A9E5454E-5254-4ADE-8F54-559BA1DB4D2C}.Release|Any CPU.Build.0 = Release|Any CPU
		{B0BEC8C1-120B-41B3-B15D-992D8AC08482}.Debug|Any CPU.ActiveCfg = Debug|Any CPU
		{B0BEC8C1-120B-41B3-B15D-992D8AC08482}.Debug|Any CPU.Build.0 = Debug|Any CPU
		{B0BEC8C1-120B-41B3-B15D-992D8AC08482}.Release|Any CPU.ActiveCfg = Release|Any CPU
		{B0BEC8C1-120B-41B3-B15D-992D8AC08482}.Release|Any CPU.Build.0 = Release|Any CPU
	EndGlobalSection
	GlobalSection(SolutionProperties) = preSolution
		HideSolutionNode = FALSE
	EndGlobalSection
	GlobalSection(ExtensibilityGlobals) = postSolution
		SolutionGuid = {872096EE-12F0-4F6D-96D4-3A6170831E7E}
	EndGlobalSection
EndGlobal
